
Microsoft Visual Studio Solution File, Format Version 12.00
# Visual Studio 15
VisualStudioVersion = 15.0.28307.572
MinimumVisualStudioVersion = 10.0.40219.1
Project("{8BC9CEB8-8B4A-11D0-8D11-00A0C91BC942}") = "KeyGen", "KeyGen\KeyGen.vcxproj", "{3B5DCCF6-E500-4D01-8E68-E5B3921E9CD9}"
EndProject
Global
	GlobalSection(SolutionConfigurationPlatforms) = preSolution
		Debug|x64 = Debug|x64
		Debug|x86 = Debug|x86
		Release|x64 = Release|x64
		Release|x86 = Release|x86
	EndGlobalSection
	GlobalSection(ProjectConfigurationPlatforms) = postSolution
		{3B5DCCF6-E500-4D01-8E68-E5B3921E9CD9}.Debug|x64.ActiveCfg = Debug|x64
		{3B5DCCF6-E500-4D01-8E68-E5B3921E9CD9}.Debug|x64.Build.0 = Debug|x64
		{3B5DCCF6-E500-4D01-8E68-E5B3921E9CD9}.Debug|x86.ActiveCfg = Debug|Win32
		{3B5DCCF6-E500-4D01-8E68-E5B3921E9CD9}.Debug|x86.Build.0 = Debug|Win32
		{3B5DCCF6-E500-4D01-8E68-E5B3921E9CD9}.Release|x64.ActiveCfg = Release|x64
		{3B5DCCF6-E500-4D01-8E68-E5B3921E9CD9}.Release|x64.Build.0 = Release|x64
		{3B5DCCF6-E500-4D01-8E68-E5B3921E9CD9}.Release|x86.ActiveCfg = Release|Win32
		{3B5DCCF6-E500-4D01-8E68-E5B3921E9CD9}.Release|x86.Build.0 = Release|Win32
	EndGlobalSection
	GlobalSection(SolutionProperties) = preSolution
		HideSolutionNode = FALSE
	EndGlobalSection
	GlobalSection(ExtensibilityGlobals) = postSolution
		SolutionGuid = {6643221B-96C9-4A96-8360-470219449605}
	EndGlobalSection
EndGlobal
